
Microsoft Visual Studio Solution File, Format Version 12.00
# Visual Studio Version 16
VisualStudioVersion = 16.0.29306.81
MinimumVisualStudioVersion = 10.0.40219.1
Project("{FAE04EC0-301F-11D3-BF4B-00C04F79EFBC}") = "BookService", "BookService\BookService.csproj", "{003AA9CF-D49E-4E39-9159-6C6EB831C642}"
EndProject
Global
	GlobalSection(SolutionConfigurationPlatforms) = preSolution
		Debug|Any CPU = Debug|Any CPU
		Release|Any CPU = Release|Any CPU
	EndGlobalSection
	GlobalSection(ProjectConfigurationPlatforms) = postSolution
		{003AA9CF-D49E-4E39-9159-6C6EB831C642}.Debug|Any CPU.ActiveCfg = Debug|Any CPU
		{003AA9CF-D49E-4E39-9159-6C6EB831C642}.Debug|Any CPU.Build.0 = Debug|Any CPU
		{003AA9CF-D49E-4E39-9159-6C6EB831C642}.Release|Any CPU.ActiveCfg = Release|Any CPU
		{003AA9CF-D49E-4E39-9159-6C6EB831C642}.Release|Any CPU.Build.0 = Release|Any CPU
	EndGlobalSection
	GlobalSection(SolutionProperties) = preSolution
		HideSolutionNode = FALSE
	EndGlobalSection
	GlobalSection(ExtensibilityGlobals) = postSolution
		SolutionGuid = {1D37E524-84D6-48CB-9F7E-F4FB19546598}
	EndGlobalSection
EndGlobal
